{
  "name": "sample-wordpress-plugin",
  "version": "1.2.3",
  "lockfileVersion": 3,
  "requires": true,
  "packages": {
    "": {
      "name": "sample-wordpress-plugin",
      "version": "1.2.3",
      "dependencies": {
        "dependency-that-coincidentally-matches": "1.2.3"
      }
    },
    "node_modules/dependency-that-coincidentally-matches": {
      "version": "1.2.3"
    }
  }
}
